
Microsoft Visual Studio Solution File, Format Version 12.00
# Visual Studio Version 16
VisualStudioVersion = 16.0.31112.23
MinimumVisualStudioVersion = 10.0.40219.1
Project("{FAE04EC0-301F-11D3-BF4B-00C04F79EFBC}") = "CatchTheScreen", "CatchTheScreen\CatchTheScreen.csproj", "{364389D4-A9A8-4BE7-A6CC-4405E1186DAB}"
EndProject
Global
	GlobalSection(SolutionConfigurationPlatforms) = preSolution
		Debug|Any CPU = Debug|Any CPU
		Release|Any CPU = Release|Any CPU
	EndGlobalSection
	GlobalSection(ProjectConfigurationPlatforms) = postSolution
		{364389D4-A9A8-4BE7-A6CC-4405E1186DAB}.Debug|Any CPU.ActiveCfg = Debug|Any CPU
		{364389D4-A9A8-4BE7-A6CC-4405E1186DAB}.Debug|Any CPU.Build.0 = Debug|Any CPU
		{364389D4-A9A8-4BE7-A6CC-4405E1186DAB}.Release|Any CPU.ActiveCfg = Release|Any CPU
		{364389D4-A9A8-4BE7-A6CC-4405E1186DAB}.Release|Any CPU.Build.0 = Release|Any CPU
	EndGlobalSection
	GlobalSection(SolutionProperties) = preSolution
		HideSolutionNode = FALSE
	EndGlobalSection
	GlobalSection(ExtensibilityGlobals) = postSolution
		SolutionGuid = {F899E8B0-5E1B-43D2-BD16-2B006C285B28}
	EndGlobalSection
EndGlobal
